
Microsoft Visual Studio Solution File, Format Version 12.00
# Visual Studio Version 16
VisualStudioVersion = 16.0.34114.132
MinimumVisualStudioVersion = 10.0.40219.1
Project("{FAE04EC0-301F-11D3-BF4B-00C04F79EFBC}") = "Letragames.MVC", "Letragames.MVC\Letragames.MVC.csproj", "{1F768541-EF0B-45A9-9919-6F0226C2AB8E}"
EndProject
Global
	GlobalSection(SolutionConfigurationPlatforms) = preSolution
		Debug|Any CPU = Debug|Any CPU
		Release|Any CPU = Release|Any CPU
	EndGlobalSection
	GlobalSection(ProjectConfigurationPlatforms) = postSolution
		{1F768541-EF0B-45A9-9919-6F0226C2AB8E}.Debug|Any CPU.ActiveCfg = Debug|Any CPU
		{1F768541-EF0B-45A9-9919-6F0226C2AB8E}.Debug|Any CPU.Build.0 = Debug|Any CPU
		{1F768541-EF0B-45A9-9919-6F0226C2AB8E}.Release|Any CPU.ActiveCfg = Release|Any CPU
		{1F768541-EF0B-45A9-9919-6F0226C2AB8E}.Release|Any CPU.Build.0 = Release|Any CPU
	EndGlobalSection
	GlobalSection(SolutionProperties) = preSolution
		HideSolutionNode = FALSE
	EndGlobalSection
	GlobalSection(ExtensibilityGlobals) = postSolution
		SolutionGuid = {6B9F479C-13E8-4E92-9683-6B63D2557568}
	EndGlobalSection
EndGlobal
